{
  "object": {
    "pins": [
      {
        "package": "OpenCombine",
        "repositoryURL": "https://github.com/OpenCombine/OpenCombine",
        "state": {
          "branch": null,
          "revision": "9cf67e363738dbab61b47fb5eaed78d3db31e5ee",
          "version": "0.13.0"
        }
      },
      {
        "package": "xctest-dynamic-overlay",
        "repositoryURL": "https://github.com/pavelosipov/xctest-dynamic-overlay",
        "state": {
          "branch": null,
          "revision": "047e54d604578bf9cd5ad1dfcd7436641b8546b1",
          "version": "0.3.1"
        }
      }
    ]
  },
  "version": 1
}
